// !$*UTF8*$!
{
	archiveVersion = 1;
	classes = {
	};
	objectVersion = 51;
	objects = {

/* Begin PBXBuildFile section */
		42B4B7F6263594A800EE7DE5 /* API.swift in Sources */ = {isa = PBXBuildFile; fileRef = 42B4B7F5263594A800EE7DE5 /* API.swift */; };
		42B4B7F9263594FE00EE7DE5 /* Network.swift in Sources */ = {isa = PBXBuildFile; fileRef = 42B4B7F8263594FE00EE7DE5 /* Network.swift */; };
		42B65FF42635910700BCA59B /* GQLRicknMortyApp.swift in Sources */ = {isa = PBXBuildFile; fileRef = 42B65FF32635910700BCA59B /* GQLRicknMortyApp.swift */; };
		42B65FF62635910700BCA59B /* ContentView.swift in Sources */ = {isa = PBXBuildFile; fileRef = 42B65FF52635910700BCA59B /* ContentView.swift */; };
		42B65FF82635910700BCA59B /* Assets.xcassets in Resources */ = {isa = PBXBuildFile; fileRef = 42B65FF72635910700BCA59B /* Assets.xcassets */; };
		42B65FFB2635910700BCA59B /* Preview Assets.xcassets in Resources */ = {isa = PBXBuildFile; fileRef = 42B65FFA2635910700BCA59B /* Preview Assets.xcassets */; };
		6A1AF2A812C4C02376CE8881 /* Pods_GQLRicknMorty.framework in Frameworks */ = {isa = PBXBuildFile; fileRef = 7600469765EEE3182E284999 /* Pods_GQLRicknMorty.framework */; };
/* End PBXBuildFile section */

/* Begin PBXFileReference section */
		35126CA5C93E4AE77616698A /* Pods-GQLRicknMorty.debug.xcconfig */ = {isa = PBXFileReference; includeInIndex = 1; lastKnownFileType = text.xcconfig; name = "Pods-GQLRicknMorty.debug.xcconfig"; path = "Target Support Files/Pods-GQLRicknMorty/Pods-GQLRicknMorty.debug.xcconfig"; sourceTree = "<group>"; };
		42B4B7F5263594A800EE7DE5 /* API.swift */ = {isa = PBXFileReference; fileEncoding = 4; lastKnownFileType = sourcecode.swift; path = API.swift; sourceTree = "<group>"; };
		42B4B7F8263594FE00EE7DE5 /* Network.swift */ = {isa = PBXFileReference; lastKnownFileType = sourcecode.swift; path = Network.swift; sourceTree = "<group>"; };
		42B65FF02635910700BCA59B /* GQLRicknMorty.app */ = {isa = PBXFileReference; explicitFileType = wrapper.application; includeInIndex = 0; path = GQLRicknMorty.app; sourceTree = BUILT_PRODUCTS_DIR; };
		42B65FF32635910700BCA59B /* GQLRicknMortyApp.swift */ = {isa = PBXFileReference; lastKnownFileType = sourcecode.swift; path = GQLRicknMortyApp.swift; sourceTree = "<group>"; };
		42B65FF52635910700BCA59B /* ContentView.swift */ = {isa = PBXFileReference; lastKnownFileType = sourcecode.swift; path = ContentView.swift; sourceTree = "<group>"; };
		42B65FF72635910700BCA59B /* Assets.xcassets */ = {isa = PBXFileReference; lastKnownFileType = folder.assetcatalog; path = Assets.xcassets; sourceTree = "<group>"; };
		42B65FFA2635910700BCA59B /* Preview Assets.xcassets */ = {isa = PBXFileReference; lastKnownFileType = folder.assetcatalog; path = "Preview Assets.xcassets"; sourceTree = "<group>"; };
		42B65FFC2635910700BCA59B /* Info.plist */ = {isa = PBXFileReference; lastKnownFileType = text.plist.xml; path = Info.plist; sourceTree = "<group>"; };
		630E02D7DB3B41CA63242BDB /* Pods-GQLRicknMorty.release.xcconfig */ = {isa = PBXFileReference; includeInIndex = 1; lastKnownFileType = text.xcconfig; name = "Pods-GQLRicknMorty.release.xcconfig"; path = "Target Support Files/Pods-GQLRicknMorty/Pods-GQLRicknMorty.release.xcconfig"; sourceTree = "<group>"; };
		7600469765EEE3182E284999 /* Pods_GQLRicknMorty.framework */ = {isa = PBXFileReference; explicitFileType = wrapper.framework; includeInIndex = 0; path = Pods_GQLRicknMorty.framework; sourceTree = BUILT_PRODUCTS_DIR; };
/* End PBXFileReference section */

/* Begin PBXFrameworksBuildPhase section */
		42B65FED2635910700BCA59B /* Frameworks */ = {
			isa = PBXFrameworksBuildPhase;
			buildActionMask = 2147483647;
			files = (
				6A1AF2A812C4C02376CE8881 /* Pods_GQLRicknMorty.framework in Frameworks */,
			);
			runOnlyForDeploymentPostprocessing = 0;
		};
/* End PBXFrameworksBuildPhase section */

/* Begin PBXGroup section */
		0AE7C71236AA5964A51DB954 /* Frameworks */ = {
			isa = PBXGroup;
			children = (
				7600469765EEE3182E284999 /* Pods_GQLRicknMorty.framework */,
			);
			name = Frameworks;
			sourceTree = "<group>";
		};
		42B65FE72635910700BCA59B = {
			isa = PBXGroup;
			children = (
				42B65FF22635910700BCA59B /* GQLRicknMorty */,
				42B65FF12635910700BCA59B /* Products */,
				ACB9CED79D9B1ABCAAC78587 /* Pods */,
				0AE7C71236AA5964A51DB954 /* Frameworks */,
			);
			sourceTree = "<group>";
		};
		42B65FF12635910700BCA59B /* Products */ = {
			isa = PBXGroup;
			children = (
				42B65FF02635910700BCA59B /* GQLRicknMorty.app */,
			);
			name = Products;
			sourceTree = "<group>";
		};
		42B65FF22635910700BCA59B /* GQLRicknMorty */ = {
			isa = PBXGroup;
			children = (
				42B4B7F5263594A800EE7DE5 /* API.swift */,
				42B4B7F8263594FE00EE7DE5 /* Network.swift */,
				42B65FF32635910700BCA59B /* GQLRicknMortyApp.swift */,
				42B65FF52635910700BCA59B /* ContentView.swift */,
				42B65FF72635910700BCA59B /* Assets.xcassets */,
				42B65FFC2635910700BCA59B /* Info.plist */,
				42B65FF92635910700BCA59B /* Preview Content */,
			);
			path = GQLRicknMorty;
			sourceTree = "<group>";
		};
		42B65FF92635910700BCA59B /* Preview Content */ = {
			isa = PBXGroup;
			children = (
				42B65FFA2635910700BCA59B /* Preview Assets.xcassets */,
			);
			path = "Preview Content";
			sourceTree = "<group>";
		};
		ACB9CED79D9B1ABCAAC78587 /* Pods */ = {
			isa = PBXGroup;
			children = (
				35126CA5C93E4AE77616698A /* Pods-GQLRicknMorty.debug.xcconfig */,
				630E02D7DB3B41CA63242BDB /* Pods-GQLRicknMorty.release.xcconfig */,
			);
			path = Pods;
			sourceTree = "<group>";
		};
/* End PBXGroup section */

/* Begin PBXNativeTarget section */
		42B65FEF2635910700BCA59B /* GQLRicknMorty */ = {
			isa = PBXNativeTarget;
			buildConfigurationList = 42B65FFF2635910700BCA59B /* Build configuration list for PBXNativeTarget "GQLRicknMorty" */;
			buildPhases = (
				BC18FFFEEB2997C271792490 /* [CP] Check Pods Manifest.lock */,
				42B660062635916400BCA59B /* Generate Apollo GraphQL API */,
				42B65FEC2635910700BCA59B /* Sources */,
				42B65FED2635910700BCA59B /* Frameworks */,
				42B65FEE2635910700BCA59B /* Resources */,
				293497FE22CB10DBC5826572 /* [CP] Embed Pods Frameworks */,
			);
			buildRules = (
			);
			dependencies = (
			);
			name = GQLRicknMorty;
			productName = GQLRicknMorty;
			productReference = 42B65FF02635910700BCA59B /* GQLRicknMorty.app */;
			productType = "com.apple.product-type.application";
		};
/* End PBXNativeTarget section */

/* Begin PBXProject section */
		42B65FE82635910700BCA59B /* Project object */ = {
			isa = PBXProject;
			attributes = {
				LastSwiftUpdateCheck = 1240;
				LastUpgradeCheck = 1240;
				TargetAttributes = {
					42B65FEF2635910700BCA59B = {
						CreatedOnToolsVersion = 12.4;
					};
				};
			};
			buildConfigurationList = 42B65FEB2635910700BCA59B /* Build configuration list for PBXProject "GQLRicknMorty" */;
			compatibilityVersion = "Xcode 9.3";
			developmentRegion = en;
			hasScannedForEncodings = 0;
			knownRegions = (
				en,
				Base,
			);
			mainGroup = 42B65FE72635910700BCA59B;
			productRefGroup = 42B65FF12635910700BCA59B /* Products */;
			projectDirPath = "";
			projectRoot = "";
			targets = (
				42B65FEF2635910700BCA59B /* GQLRicknMorty */,
			);
		};
/* End PBXProject section */

/* Begin PBXResourcesBuildPhase section */
		42B65FEE2635910700BCA59B /* Resources */ = {
			isa = PBXResourcesBuildPhase;
			buildActionMask = 2147483647;
			files = (
				42B65FFB2635910700BCA59B /* Preview Assets.xcassets in Resources */,
				42B65FF82635910700BCA59B /* Assets.xcassets in Resources */,
			);
			runOnlyForDeploymentPostprocessing = 0;
		};
/* End PBXResourcesBuildPhase section */

/* Begin PBXShellScriptBuildPhase section */
		293497FE22CB10DBC5826572 /* [CP] Embed Pods Frameworks */ = {
			isa = PBXShellScriptBuildPhase;
			buildActionMask = 2147483647;
			files = (
			);
			inputFileListPaths = (
				"${PODS_ROOT}/Target Support Files/Pods-GQLRicknMorty/Pods-GQLRicknMorty-frameworks-${CONFIGURATION}-input-files.xcfilelist",
			);
			name = "[CP] Embed Pods Frameworks";
			outputFileListPaths = (
				"${PODS_ROOT}/Target Support Files/Pods-GQLRicknMorty/Pods-GQLRicknMorty-frameworks-${CONFIGURATION}-output-files.xcfilelist",
			);
			runOnlyForDeploymentPostprocessing = 0;
			shellPath = /bin/sh;
			shellScript = "\"${PODS_ROOT}/Target Support Files/Pods-GQLRicknMorty/Pods-GQLRicknMorty-frameworks.sh\"\n";
			showEnvVarsInLog = 0;
		};
		42B660062635916400BCA59B /* Generate Apollo GraphQL API */ = {
			isa = PBXShellScriptBuildPhase;
			buildActionMask = 2147483647;
			files = (
			);
			inputFileListPaths = (
			);
			inputPaths = (
			);
			name = "Generate Apollo GraphQL API";
			outputFileListPaths = (
			);
			outputPaths = (
			);
			runOnlyForDeploymentPostprocessing = 0;
			shellPath = /bin/sh;
			shellScript = "# Type a script or drag a script file from your workspace to insert its path.\nSCRIPT_PATH=\"${PODS_ROOT}/Apollo/scripts\"\ncd \"${SRCROOT}/${TARGET_NAME}\"\n\"${SCRIPT_PATH}\"/run-bundled-codegen.sh codegen:generate --target=swift --includes=./**/*.graphql --localSchemaFile=\"schema.json\" API.swift\n\n";
		};
		BC18FFFEEB2997C271792490 /* [CP] Check Pods Manifest.lock */ = {
			isa = PBXShellScriptBuildPhase;
			buildActionMask = 2147483647;
			files = (
			);
			inputFileListPaths = (
			);
			inputPaths = (
				"${PODS_PODFILE_DIR_PATH}/Podfile.lock",
				"${PODS_ROOT}/Manifest.lock",
			);
			name = "[CP] Check Pods Manifest.lock";
			outputFileListPaths = (
			);
			outputPaths = (
				"$(DERIVED_FILE_DIR)/Pods-GQLRicknMorty-checkManifestLockResult.txt",
			);
			runOnlyForDeploymentPostprocessing = 0;
			shellPath = /bin/sh;
			shellScript = "diff \"${PODS_PODFILE_DIR_PATH}/Podfile.lock\" \"${PODS_ROOT}/Manifest.lock\" > /dev/null\nif [ $? != 0 ] ; then\n    # print error to STDERR\n    echo \"error: The sandbox is not in sync with the Podfile.lock. Run 'pod install' or update your CocoaPods installation.\" >&2\n    exit 1\nfi\n# This output is used by Xcode 'outputs' to avoid re-running this script phase.\necho \"SUCCESS\" > \"${SCRIPT_OUTPUT_FILE_0}\"\n";
			showEnvVarsInLog = 0;
		};
/* End PBXShellScriptBuildPhase section */

/* Begin PBXSourcesBuildPhase section */
		42B65FEC2635910700BCA59B /* Sources */ = {
			isa = PBXSourcesBuildPhase;
			buildActionMask = 2147483647;
			files = (
				42B65FF62635910700BCA59B /* ContentView.swift in Sources */,
				42B4B7F6263594A800EE7DE5 /* API.swift in Sources */,
				42B4B7F9263594FE00EE7DE5 /* Network.swift in Sources */,
				42B65FF42635910700BCA59B /* GQLRicknMortyApp.swift in Sources */,
			);
			runOnlyForDeploymentPostprocessing = 0;
		};
/* End PBXSourcesBuildPhase section */

/* Begin XCBuildConfiguration section */
		42B65FFD2635910700BCA59B /* Debug */ = {
			isa = XCBuildConfiguration;
			buildSettings = {
				ALWAYS_SEARCH_USER_PATHS = NO;
				CLANG_ANALYZER_NONNULL = YES;
				CLANG_ANALYZER_NUMBER_OBJECT_CONVERSION = YES_AGGRESSIVE;
				CLANG_CXX_LANGUAGE_STANDARD = "gnu++14";
				CLANG_CXX_LIBRARY = "libc++";
				CLANG_ENABLE_MODULES = YES;
				CLANG_ENABLE_OBJC_ARC = YES;
				CLANG_ENABLE_OBJC_WEAK = YES;
				CLANG_WARN_BLOCK_CAPTURE_AUTORELEASING = YES;
				CLANG_WARN_BOOL_CONVERSION = YES;
				CLANG_WARN_COMMA = YES;
				CLANG_WARN_CONSTANT_CONVERSION = YES;
				CLANG_WARN_DEPRECATED_OBJC_IMPLEMENTATIONS = YES;
				CLANG_WARN_DIRECT_OBJC_ISA_USAGE = YES_ERROR;
				CLANG_WARN_DOCUMENTATION_COMMENTS = YES;
				CLANG_WARN_EMPTY_BODY = YES;
				CLANG_WARN_ENUM_CONVERSION = YES;
				CLANG_WARN_INFINITE_RECURSION = YES;
				CLANG_WARN_INT_CONVERSION = YES;
				CLANG_WARN_NON_LITERAL_NULL_CONVERSION = YES;
				CLANG_WARN_OBJC_IMPLICIT_RETAIN_SELF = YES;
				CLANG_WARN_OBJC_LITERAL_CONVERSION = YES;
				CLANG_WARN_OBJC_ROOT_CLASS = YES_ERROR;
				CLANG_WARN_QUOTED_INCLUDE_IN_FRAMEWORK_HEADER = YES;
				CLANG_WARN_RANGE_LOOP_ANALYSIS = YES;
				CLANG_WARN_STRICT_PROTOTYPES = YES;
				CLANG_WARN_SUSPICIOUS_MOVE = YES;
				CLANG_WARN_UNGUARDED_AVAILABILITY = YES_AGGRESSIVE;
				CLANG_WARN_UNREACHABLE_CODE = YES;
				CLANG_WARN__DUPLICATE_METHOD_MATCH = YES;
				COPY_PHASE_STRIP = NO;
				DEBUG_INFORMATION_FORMAT = dwarf;
				ENABLE_STRICT_OBJC_MSGSEND = YES;
				ENABLE_TESTABILITY = YES;
				GCC_C_LANGUAGE_STANDARD = gnu11;
				GCC_DYNAMIC_NO_PIC = NO;
				GCC_NO_COMMON_BLOCKS = YES;
				GCC_OPTIMIZATION_LEVEL = 0;
				GCC_PREPROCESSOR_DEFINITIONS = (
					"DEBUG=1",
					"$(inherited)",
				);
				GCC_WARN_64_TO_32_BIT_CONVERSION = YES;
				GCC_WARN_ABOUT_RETURN_TYPE = YES_ERROR;
				GCC_WARN_UNDECLARED_SELECTOR = YES;
				GCC_WARN_UNINITIALIZED_AUTOS = YES_AGGRESSIVE;
				GCC_WARN_UNUSED_FUNCTION = YES;
				GCC_WARN_UNUSED_VARIABLE = YES;
				IPHONEOS_DEPLOYMENT_TARGET = 14.4;
				MTL_ENABLE_DEBUG_INFO = INCLUDE_SOURCE;
				MTL_FAST_MATH = YES;
				ONLY_ACTIVE_ARCH = YES;
				SDKROOT = iphoneos;
				SWIFT_ACTIVE_COMPILATION_CONDITIONS = DEBUG;
				SWIFT_OPTIMIZATION_LEVEL = "-Onone";
			};
			name = Debug;
		};
		42B65FFE2635910700BCA59B /* Release */ = {
			isa = XCBuildConfiguration;
			buildSettings = {
				ALWAYS_SEARCH_USER_PATHS = NO;
				CLANG_ANALYZER_NONNULL = YES;
				CLANG_ANALYZER_NUMBER_OBJECT_CONVERSION = YES_AGGRESSIVE;
				CLANG_CXX_LANGUAGE_STANDARD = "gnu++14";
				CLANG_CXX_LIBRARY = "libc++";
				CLANG_ENABLE_MODULES = YES;
				CLANG_ENABLE_OBJC_ARC = YES;
				CLANG_ENABLE_OBJC_WEAK = YES;
				CLANG_WARN_BLOCK_CAPTURE_AUTORELEASING = YES;
				CLANG_WARN_BOOL_CONVERSION = YES;
				CLANG_WARN_COMMA = YES;
				CLANG_WARN_CONSTANT_CONVERSION = YES;
				CLANG_WARN_DEPRECATED_OBJC_IMPLEMENTATIONS = YES;
				CLANG_WARN_DIRECT_OBJC_ISA_USAGE = YES_ERROR;
				CLANG_WARN_DOCUMENTATION_COMMENTS = YES;
				CLANG_WARN_EMPTY_BODY = YES;
				CLANG_WARN_ENUM_CONVERSION = YES;
				CLANG_WARN_INFINITE_RECURSION = YES;
				CLANG_WARN_INT_CONVERSION = YES;
				CLANG_WARN_NON_LITERAL_NULL_CONVERSION = YES;
				CLANG_WARN_OBJC_IMPLICIT_RETAIN_SELF = YES;
				CLANG_WARN_OBJC_LITERAL_CONVERSION = YES;
				CLANG_WARN_OBJC_ROOT_CLASS = YES_ERROR;
				CLANG_WARN_QUOTED_INCLUDE_IN_FRAMEWORK_HEADER = YES;
				CLANG_WARN_RANGE_LOOP_ANALYSIS = YES;
				CLANG_WARN_STRICT_PROTOTYPES = YES;
				CLANG_WARN_SUSPICIOUS_MOVE = YES;
				CLANG_WARN_UNGUARDED_AVAILABILITY = YES_AGGRESSIVE;
				CLANG_WARN_UNREACHABLE_CODE = YES;
				CLANG_WARN__DUPLICATE_METHOD_MATCH = YES;
				COPY_PHASE_STRIP = NO;
				DEBUG_INFORMATION_FORMAT = "dwarf-with-dsym";
				ENABLE_NS_ASSERTIONS = NO;
				ENABLE_STRICT_OBJC_MSGSEND = YES;
				GCC_C_LANGUAGE_STANDARD = gnu11;
				GCC_NO_COMMON_BLOCKS = YES;
				GCC_WARN_64_TO_32_BIT_CONVERSION = YES;
				GCC_WARN_ABOUT_RETURN_TYPE = YES_ERROR;
				GCC_WARN_UNDECLARED_SELECTOR = YES;
				GCC_WARN_UNINITIALIZED_AUTOS = YES_AGGRESSIVE;
				GCC_WARN_UNUSED_FUNCTION = YES;
				GCC_WARN_UNUSED_VARIABLE = YES;
				IPHONEOS_DEPLOYMENT_TARGET = 14.4;
				MTL_ENABLE_DEBUG_INFO = NO;
				MTL_FAST_MATH = YES;
				SDKROOT = iphoneos;
				SWIFT_COMPILATION_MODE = wholemodule;
				SWIFT_OPTIMIZATION_LEVEL = "-O";
				VALIDATE_PRODUCT = YES;
			};
			name = Release;
		};
		42B660002635910700BCA59B /* Debug */ = {
			isa = XCBuildConfiguration;
			baseConfigurationReference = 35126CA5C93E4AE77616698A /* Pods-GQLRicknMorty.debug.xcconfig */;
			buildSettings = {
				ASSETCATALOG_COMPILER_APPICON_NAME = AppIcon;
				ASSETCATALOG_COMPILER_GLOBAL_ACCENT_COLOR_NAME = AccentColor;
				CODE_SIGN_STYLE = Automatic;
				DEVELOPMENT_ASSET_PATHS = "\"GQLRicknMorty/Preview Content\"";
				DEVELOPMENT_TEAM = 87WHDY7XDH;
				ENABLE_PREVIEWS = YES;
				INFOPLIST_FILE = GQLRicknMorty/Info.plist;
				IPHONEOS_DEPLOYMENT_TARGET = 14.0;
				LD_RUNPATH_SEARCH_PATHS = (
					"$(inherited)",
					"@executable_path/Frameworks",
				);
				PRODUCT_BUNDLE_IDENTIFIER = com.peter.GQLRicknMorty;
				PRODUCT_NAME = "$(TARGET_NAME)";
				SWIFT_VERSION = 5.0;
				TARGETED_DEVICE_FAMILY = "1,2";
			};
			name = Debug;
		};
		42B660012635910700BCA59B /* Release */ = {
			isa = XCBuildConfiguration;
			baseConfigurationReference = 630E02D7DB3B41CA63242BDB /* Pods-GQLRicknMorty.release.xcconfig */;
			buildSettings = {
				ASSETCATALOG_COMPILER_APPICON_NAME = AppIcon;
				ASSETCATALOG_COMPILER_GLOBAL_ACCENT_COLOR_NAME = AccentColor;
				CODE_SIGN_STYLE = Automatic;
				DEVELOPMENT_ASSET_PATHS = "\"GQLRicknMorty/Preview Content\"";
				DEVELOPMENT_TEAM = 87WHDY7XDH;
				ENABLE_PREVIEWS = YES;
				INFOPLIST_FILE = GQLRicknMorty/Info.plist;
				IPHONEOS_DEPLOYMENT_TARGET = 14.0;
				LD_RUNPATH_SEARCH_PATHS = (
					"$(inherited)",
					"@executable_path/Frameworks",
				);
				PRODUCT_BUNDLE_IDENTIFIER = com.peter.GQLRicknMorty;
				PRODUCT_NAME = "$(TARGET_NAME)";
				SWIFT_VERSION = 5.0;
				TARGETED_DEVICE_FAMILY = "1,2";
			};
			name = Release;
		};
/* End XCBuildConfiguration section */

/* Begin XCConfigurationList section */
		42B65FEB2635910700BCA59B /* Build configuration list for PBXProject "GQLRicknMorty" */ = {
			isa = XCConfigurationList;
			buildConfigurations = (
				42B65FFD2635910700BCA59B /* Debug */,
				42B65FFE2635910700BCA59B /* Release */,
			);
			defaultConfigurationIsVisible = 0;
			defaultConfigurationName = Release;
		};
		42B65FFF2635910700BCA59B /* Build configuration list for PBXNativeTarget "GQLRicknMorty" */ = {
			isa = XCConfigurationList;
			buildConfigurations = (
				42B660002635910700BCA59B /* Debug */,
				42B660012635910700BCA59B /* Release */,
			);
			defaultConfigurationIsVisible = 0;
			defaultConfigurationName = Release;
		};
/* End XCConfigurationList section */
	};
	rootObject = 42B65FE82635910700BCA59B /* Project object */;
}
